
Microsoft Visual Studio Solution File, Format Version 12.00
# Visual Studio Version 16
VisualStudioVersion = 16.0.31005.135
MinimumVisualStudioVersion = 10.0.40219.1
Project("{2150E333-8FDC-42A3-9474-1A3956D46DE8}") = "src", "src", "{919542C6-84D9-44DE-9321-DDFBF07641FF}"
EndProject
Project("{2150E333-8FDC-42A3-9474-1A3956D46DE8}") = "Building Blocks", "Building Blocks", "{10477799-7B5C-435F-A989-CB6F28F532D8}"
EndProject
Project("{2150E333-8FDC-42A3-9474-1A3956D46DE8}") = "Services", "Services", "{6B4DCC86-0BE3-42DC-B276-AA4F1F99ED66}"
EndProject
Project("{2150E333-8FDC-42A3-9474-1A3956D46DE8}") = "Web", "Web", "{EFBBBFAA-6EB9-4FA2-A6EB-00A00AD03630}"
EndProject
Project("{2150E333-8FDC-42A3-9474-1A3956D46DE8}") = "Identidade", "Identidade", "{8D704732-F981-409A-987A-9A679C3EC7AE}"
EndProject
Project("{9A19103F-16F7-4668-BE54-9A1E7A4F7556}") = "NerdStore.Identidade.API", "src\services\NerdStore.Identidade.API\NerdStore.Identidade.API.csproj", "{DC298D73-1DBC-408C-9BE9-295F384CEC59}"
EndProject
Project("{2150E333-8FDC-42A3-9474-1A3956D46DE8}") = "MVC", "MVC", "{F29C58DB-6D9F-4A9F-A3B1-698BAABD68F1}"
EndProject
Project("{9A19103F-16F7-4668-BE54-9A1E7A4F7556}") = "NerdStore.WebApp.MVC", "src\web\NerdStore.WebApp.MVC\NerdStore.WebApp.MVC.csproj", "{F8C25085-DF4E-49A6-A5F0-D09DDC94F5A7}"
EndProject
Project("{2150E333-8FDC-42A3-9474-1A3956D46DE8}") = "Core", "Core", "{C52652F9-3C9F-4D1F-B7AF-066C977F1577}"
EndProject
Project("{9A19103F-16F7-4668-BE54-9A1E7A4F7556}") = "NerdStore.Core", "src\building blocks\NerdStore.Core\NerdStore.Core.csproj", "{1ADD5D8E-85F3-4F87-9C9C-92E6B417531B}"
EndProject
Project("{2150E333-8FDC-42A3-9474-1A3956D46DE8}") = "Carrinho", "Carrinho", "{D157FF8B-CA65-4A3F-BD4F-EDD7A9B17433}"
EndProject
Project("{2150E333-8FDC-42A3-9474-1A3956D46DE8}") = "Catalogo", "Catalogo", "{E5E405F1-FCA5-41BE-B6E7-DD93DEB427F9}"
EndProject
Project("{2150E333-8FDC-42A3-9474-1A3956D46DE8}") = "Cliente", "Cliente", "{3B018A11-A17C-4340-A2D7-D860A9B1E539}"
EndProject
Project("{2150E333-8FDC-42A3-9474-1A3956D46DE8}") = "Pagamento", "Pagamento", "{1D8624BB-11EE-45CF-BC5D-F4D928027195}"
EndProject
Project("{9A19103F-16F7-4668-BE54-9A1E7A4F7556}") = "NerdStore.Carrinho.API", "src\services\NerdStore.Carrinho.API\NerdStore.Carrinho.API.csproj", "{6D976DBD-BACD-4464-BF65-DBA1130156D8}"
EndProject
Project("{9A19103F-16F7-4668-BE54-9A1E7A4F7556}") = "NerdStore.Catalogo.API", "src\services\NerdStore.Catalogo.API\NerdStore.Catalogo.API.csproj", "{E7B8AB19-F73D-4AE8-B797-876CEE810E3B}"
EndProject
Project("{9A19103F-16F7-4668-BE54-9A1E7A4F7556}") = "NerdStore.Cliente.API", "src\services\NerdStore.Cliente.API\NerdStore.Cliente.API.csproj", "{906E75AB-BF24-40F0-82AF-9DD785A54184}"
EndProject
Project("{9A19103F-16F7-4668-BE54-9A1E7A4F7556}") = "NerdStore.Pagamento.API", "src\services\NerdStore.Pagamento.API\NerdStore.Pagamento.API.csproj", "{5C665A08-A4D8-481B-A201-2F39DEFD3324}"
EndProject
Project("{9A19103F-16F7-4668-BE54-9A1E7A4F7556}") = "NerdStore.Pedido.API", "src\services\NerdStore.Pedido.API\NerdStore.Pedido.API.csproj", "{6F05A14E-5498-4891-8B4D-17EABCE46BE6}"
EndProject
Project("{2150E333-8FDC-42A3-9474-1A3956D46DE8}") = "Pedido", "Pedido", "{B2A7FE01-ACB7-4F94-BA30-F0E4B97A2D3C}"
EndProject
Global
	GlobalSection(SolutionConfigurationPlatforms) = preSolution
		Debug|Any CPU = Debug|Any CPU
		Release|Any CPU = Release|Any CPU
	EndGlobalSection
	GlobalSection(ProjectConfigurationPlatforms) = postSolution
		{DC298D73-1DBC-408C-9BE9-295F384CEC59}.Debug|Any CPU.ActiveCfg = Debug|Any CPU
		{DC298D73-1DBC-408C-9BE9-295F384CEC59}.Debug|Any CPU.Build.0 = Debug|Any CPU
		{DC298D73-1DBC-408C-9BE9-295F384CEC59}.Release|Any CPU.ActiveCfg = Release|Any CPU
		{DC298D73-1DBC-408C-9BE9-295F384CEC59}.Release|Any CPU.Build.0 = Release|Any CPU
		{F8C25085-DF4E-49A6-A5F0-D09DDC94F5A7}.Debug|Any CPU.ActiveCfg = Debug|Any CPU
		{F8C25085-DF4E-49A6-A5F0-D09DDC94F5A7}.Debug|Any CPU.Build.0 = Debug|Any CPU
		{F8C25085-DF4E-49A6-A5F0-D09DDC94F5A7}.Release|Any CPU.ActiveCfg = Release|Any CPU
		{F8C25085-DF4E-49A6-A5F0-D09DDC94F5A7}.Release|Any CPU.Build.0 = Release|Any CPU
		{1ADD5D8E-85F3-4F87-9C9C-92E6B417531B}.Debug|Any CPU.ActiveCfg = Debug|Any CPU
		{1ADD5D8E-85F3-4F87-9C9C-92E6B417531B}.Debug|Any CPU.Build.0 = Debug|Any CPU
		{1ADD5D8E-85F3-4F87-9C9C-92E6B417531B}.Release|Any CPU.ActiveCfg = Release|Any CPU
		{1ADD5D8E-85F3-4F87-9C9C-92E6B417531B}.Release|Any CPU.Build.0 = Release|Any CPU
		{6D976DBD-BACD-4464-BF65-DBA1130156D8}.Debug|Any CPU.ActiveCfg = Debug|Any CPU
		{6D976DBD-BACD-4464-BF65-DBA1130156D8}.Debug|Any CPU.Build.0 = Debug|Any CPU
		{6D976DBD-BACD-4464-BF65-DBA1130156D8}.Release|Any CPU.ActiveCfg = Release|Any CPU
		{6D976DBD-BACD-4464-BF65-DBA1130156D8}.Release|Any CPU.Build.0 = Release|Any CPU
		{E7B8AB19-F73D-4AE8-B797-876CEE810E3B}.Debug|Any CPU.ActiveCfg = Debug|Any CPU
		{E7B8AB19-F73D-4AE8-B797-876CEE810E3B}.Debug|Any CPU.Build.0 = Debug|Any CPU
		{E7B8AB19-F73D-4AE8-B797-876CEE810E3B}.Release|Any CPU.ActiveCfg = Release|Any CPU
		{E7B8AB19-F73D-4AE8-B797-876CEE810E3B}.Release|Any CPU.Build.0 = Release|Any CPU
		{906E75AB-BF24-40F0-82AF-9DD785A54184}.Debug|Any CPU.ActiveCfg = Debug|Any CPU
		{906E75AB-BF24-40F0-82AF-9DD785A54184}.Debug|Any CPU.Build.0 = Debug|Any CPU
		{906E75AB-BF24-40F0-82AF-9DD785A54184}.Release|Any CPU.ActiveCfg = Release|Any CPU
		{906E75AB-BF24-40F0-82AF-9DD785A54184}.Release|Any CPU.Build.0 = Release|Any CPU
		{5C665A08-A4D8-481B-A201-2F39DEFD3324}.Debug|Any CPU.ActiveCfg = Debug|Any CPU
		{5C665A08-A4D8-481B-A201-2F39DEFD3324}.Debug|Any CPU.Build.0 = Debug|Any CPU
		{5C665A08-A4D8-481B-A201-2F39DEFD3324}.Release|Any CPU.ActiveCfg = Release|Any CPU
		{5C665A08-A4D8-481B-A201-2F39DEFD3324}.Release|Any CPU.Build.0 = Release|Any CPU
		{6F05A14E-5498-4891-8B4D-17EABCE46BE6}.Debug|Any CPU.ActiveCfg = Debug|Any CPU
		{6F05A14E-5498-4891-8B4D-17EABCE46BE6}.Debug|Any CPU.Build.0 = Debug|Any CPU
		{6F05A14E-5498-4891-8B4D-17EABCE46BE6}.Release|Any CPU.ActiveCfg = Release|Any CPU
		{6F05A14E-5498-4891-8B4D-17EABCE46BE6}.Release|Any CPU.Build.0 = Release|Any CPU
	EndGlobalSection
	GlobalSection(SolutionProperties) = preSolution
		HideSolutionNode = FALSE
	EndGlobalSection
	GlobalSection(NestedProjects) = preSolution
		{10477799-7B5C-435F-A989-CB6F28F532D8} = {919542C6-84D9-44DE-9321-DDFBF07641FF}
		{6B4DCC86-0BE3-42DC-B276-AA4F1F99ED66} = {919542C6-84D9-44DE-9321-DDFBF07641FF}
		{EFBBBFAA-6EB9-4FA2-A6EB-00A00AD03630} = {919542C6-84D9-44DE-9321-DDFBF07641FF}
		{8D704732-F981-409A-987A-9A679C3EC7AE} = {6B4DCC86-0BE3-42DC-B276-AA4F1F99ED66}
		{DC298D73-1DBC-408C-9BE9-295F384CEC59} = {8D704732-F981-409A-987A-9A679C3EC7AE}
		{F29C58DB-6D9F-4A9F-A3B1-698BAABD68F1} = {EFBBBFAA-6EB9-4FA2-A6EB-00A00AD03630}
		{F8C25085-DF4E-49A6-A5F0-D09DDC94F5A7} = {F29C58DB-6D9F-4A9F-A3B1-698BAABD68F1}
		{C52652F9-3C9F-4D1F-B7AF-066C977F1577} = {10477799-7B5C-435F-A989-CB6F28F532D8}
		{1ADD5D8E-85F3-4F87-9C9C-92E6B417531B} = {C52652F9-3C9F-4D1F-B7AF-066C977F1577}
		{D157FF8B-CA65-4A3F-BD4F-EDD7A9B17433} = {6B4DCC86-0BE3-42DC-B276-AA4F1F99ED66}
		{E5E405F1-FCA5-41BE-B6E7-DD93DEB427F9} = {6B4DCC86-0BE3-42DC-B276-AA4F1F99ED66}
		{3B018A11-A17C-4340-A2D7-D860A9B1E539} = {6B4DCC86-0BE3-42DC-B276-AA4F1F99ED66}
		{1D8624BB-11EE-45CF-BC5D-F4D928027195} = {6B4DCC86-0BE3-42DC-B276-AA4F1F99ED66}
		{6D976DBD-BACD-4464-BF65-DBA1130156D8} = {D157FF8B-CA65-4A3F-BD4F-EDD7A9B17433}
		{E7B8AB19-F73D-4AE8-B797-876CEE810E3B} = {E5E405F1-FCA5-41BE-B6E7-DD93DEB427F9}
		{906E75AB-BF24-40F0-82AF-9DD785A54184} = {3B018A11-A17C-4340-A2D7-D860A9B1E539}
		{5C665A08-A4D8-481B-A201-2F39DEFD3324} = {1D8624BB-11EE-45CF-BC5D-F4D928027195}
		{6F05A14E-5498-4891-8B4D-17EABCE46BE6} = {B2A7FE01-ACB7-4F94-BA30-F0E4B97A2D3C}
		{B2A7FE01-ACB7-4F94-BA30-F0E4B97A2D3C} = {6B4DCC86-0BE3-42DC-B276-AA4F1F99ED66}
	EndGlobalSection
	GlobalSection(ExtensibilityGlobals) = postSolution
		SolutionGuid = {62406A56-81DB-43FB-AC38-825CF91A71AE}
	EndGlobalSection
EndGlobal
